// !$*UTF8*$!
{
	archiveVersion = 1;
	classes = {
	};
	objectVersion = 46;
	objects = {

/* Begin PBXBuildFile section */
		846762C41C0C5CAE003C2444 /* main.m in Sources */ = {isa = PBXBuildFile; fileRef = 846762C31C0C5CAE003C2444 /* main.m */; };
		846762C71C0C5CAE003C2444 /* AppDelegate.m in Sources */ = {isa = PBXBuildFile; fileRef = 846762C61C0C5CAE003C2444 /* AppDelegate.m */; };
		846762CA1C0C5CAE003C2444 /* ViewController.m in Sources */ = {isa = PBXBuildFile; fileRef = 846762C91C0C5CAE003C2444 /* ViewController.m */; };
		846762CD1C0C5CAE003C2444 /* Main.storyboard in Resources */ = {isa = PBXBuildFile; fileRef = 846762CB1C0C5CAE003C2444 /* Main.storyboard */; };
		846762CF1C0C5CAE003C2444 /* Assets.xcassets in Resources */ = {isa = PBXBuildFile; fileRef = 846762CE1C0C5CAE003C2444 /* Assets.xcassets */; };
		846762D21C0C5CAE003C2444 /* LaunchScreen.storyboard in Resources */ = {isa = PBXBuildFile; fileRef = 846762D01C0C5CAE003C2444 /* LaunchScreen.storyboard */; };
		846762DD1C0C5CAF003C2444 /* UserHeaderTests.m in Sources */ = {isa = PBXBuildFile; fileRef = 846762DC1C0C5CAF003C2444 /* UserHeaderTests.m */; };
		846762E81C0C5CAF003C2444 /* UserHeaderUITests.m in Sources */ = {isa = PBXBuildFile; fileRef = 846762E71C0C5CAF003C2444 /* UserHeaderUITests.m */; };
		846763131C0C5D10003C2444 /* NSData+ImageContentType.m in Sources */ = {isa = PBXBuildFile; fileRef = 846762F71C0C5D10003C2444 /* NSData+ImageContentType.m */; settings = {ASSET_TAGS = (); }; };
		846763141C0C5D10003C2444 /* SDImageCache.m in Sources */ = {isa = PBXBuildFile; fileRef = 846762F91C0C5D10003C2444 /* SDImageCache.m */; settings = {ASSET_TAGS = (); }; };
		846763151C0C5D10003C2444 /* SDWebImageCompat.m in Sources */ = {isa = PBXBuildFile; fileRef = 846762FB1C0C5D10003C2444 /* SDWebImageCompat.m */; settings = {ASSET_TAGS = (); }; };
		846763161C0C5D10003C2444 /* SDWebImageDecoder.m in Sources */ = {isa = PBXBuildFile; fileRef = 846762FD1C0C5D10003C2444 /* SDWebImageDecoder.m */; settings = {ASSET_TAGS = (); }; };
		846763171C0C5D10003C2444 /* SDWebImageDownloader.m in Sources */ = {isa = PBXBuildFile; fileRef = 846762FF1C0C5D10003C2444 /* SDWebImageDownloader.m */; settings = {ASSET_TAGS = (); }; };
		846763181C0C5D10003C2444 /* SDWebImageDownloaderOperation.m in Sources */ = {isa = PBXBuildFile; fileRef = 846763011C0C5D10003C2444 /* SDWebImageDownloaderOperation.m */; settings = {ASSET_TAGS = (); }; };
		846763191C0C5D10003C2444 /* SDWebImageManager.m in Sources */ = {isa = PBXBuildFile; fileRef = 846763031C0C5D10003C2444 /* SDWebImageManager.m */; settings = {ASSET_TAGS = (); }; };
		8467631A1C0C5D10003C2444 /* SDWebImagePrefetcher.m in Sources */ = {isa = PBXBuildFile; fileRef = 846763061C0C5D10003C2444 /* SDWebImagePrefetcher.m */; settings = {ASSET_TAGS = (); }; };
		8467631B1C0C5D10003C2444 /* UIButton+WebCache.m in Sources */ = {isa = PBXBuildFile; fileRef = 846763081C0C5D10003C2444 /* UIButton+WebCache.m */; settings = {ASSET_TAGS = (); }; };
		8467631C1C0C5D10003C2444 /* UIImage+GIF.m in Sources */ = {isa = PBXBuildFile; fileRef = 8467630A1C0C5D10003C2444 /* UIImage+GIF.m */; settings = {ASSET_TAGS = (); }; };
		8467631D1C0C5D10003C2444 /* UIImage+MultiFormat.m in Sources */ = {isa = PBXBuildFile; fileRef = 8467630C1C0C5D10003C2444 /* UIImage+MultiFormat.m */; settings = {ASSET_TAGS = (); }; };
		8467631E1C0C5D10003C2444 /* UIImageView+HighlightedWebCache.m in Sources */ = {isa = PBXBuildFile; fileRef = 8467630E1C0C5D10003C2444 /* UIImageView+HighlightedWebCache.m */; settings = {ASSET_TAGS = (); }; };
		8467631F1C0C5D10003C2444 /* UIImageView+WebCache.m in Sources */ = {isa = PBXBuildFile; fileRef = 846763101C0C5D10003C2444 /* UIImageView+WebCache.m */; settings = {ASSET_TAGS = (); }; };
		846763201C0C5D10003C2444 /* UIView+WebCacheOperation.m in Sources */ = {isa = PBXBuildFile; fileRef = 846763121C0C5D10003C2444 /* UIView+WebCacheOperation.m */; settings = {ASSET_TAGS = (); }; };
		846763241C0C5DF1003C2444 /* UserHeaderView.m in Sources */ = {isa = PBXBuildFile; fileRef = 846763231C0C5DF1003C2444 /* UserHeaderView.m */; settings = {ASSET_TAGS = (); }; };
		84BFB23E1C0D75E90028B049 /* Default-568h@2x.png in Resources */ = {isa = PBXBuildFile; fileRef = 84BFB23D1C0D75E90028B049 /* Default-568h@2x.png */; settings = {ASSET_TAGS = (); }; };
		84BFB2401C0D7C440028B049 /* background1.png in Resources */ = {isa = PBXBuildFile; fileRef = 84BFB23F1C0D7C440028B049 /* background1.png */; settings = {ASSET_TAGS = (); }; };
		84BFB2421C0D800D0028B049 /* picture1.png in Resources */ = {isa = PBXBuildFile; fileRef = 84BFB2411C0D800D0028B049 /* picture1.png */; settings = {ASSET_TAGS = (); }; };
/* End PBXBuildFile section */

/* Begin PBXContainerItemProxy section */
		846762D91C0C5CAF003C2444 /* PBXContainerItemProxy */ = {
			isa = PBXContainerItemProxy;
			containerPortal = 846762B71C0C5CAE003C2444 /* Project object */;
			proxyType = 1;
			remoteGlobalIDString = 846762BE1C0C5CAE003C2444;
			remoteInfo = UserHeader;
		};
		846762E41C0C5CAF003C2444 /* PBXContainerItemProxy */ = {
			isa = PBXContainerItemProxy;
			containerPortal = 846762B71C0C5CAE003C2444 /* Project object */;
			proxyType = 1;
			remoteGlobalIDString = 846762BE1C0C5CAE003C2444;
			remoteInfo = UserHeader;
		};
/* End PBXContainerItemProxy section */

/* Begin PBXFileReference section */
		846762BF1C0C5CAE003C2444 /* UserHeader.app */ = {isa = PBXFileReference; explicitFileType = wrapper.application; includeInIndex = 0; path = UserHeader.app; sourceTree = BUILT_PRODUCTS_DIR; };
		846762C31C0C5CAE003C2444 /* main.m */ = {isa = PBXFileReference; lastKnownFileType = sourcecode.c.objc; path = main.m; sourceTree = "<group>"; };
		846762C51C0C5CAE003C2444 /* AppDelegate.h */ = {isa = PBXFileReference; lastKnownFileType = sourcecode.c.h; path = AppDelegate.h; sourceTree = "<group>"; };
		846762C61C0C5CAE003C2444 /* AppDelegate.m */ = {isa = PBXFileReference; lastKnownFileType = sourcecode.c.objc; path = AppDelegate.m; sourceTree = "<group>"; };
		846762C81C0C5CAE003C2444 /* ViewController.h */ = {isa = PBXFileReference; lastKnownFileType = sourcecode.c.h; path = ViewController.h; sourceTree = "<group>"; };
		846762C91C0C5CAE003C2444 /* ViewController.m */ = {isa = PBXFileReference; lastKnownFileType = sourcecode.c.objc; path = ViewController.m; sourceTree = "<group>"; };
		846762CC1C0C5CAE003C2444 /* Base */ = {isa = PBXFileReference; lastKnownFileType = file.storyboard; name = Base; path = Base.lproj/Main.storyboard; sourceTree = "<group>"; };
		846762CE1C0C5CAE003C2444 /* Assets.xcassets */ = {isa = PBXFileReference; lastKnownFileType = folder.assetcatalog; path = Assets.xcassets; sourceTree = "<group>"; };
		846762D11C0C5CAE003C2444 /* Base */ = {isa = PBXFileReference; lastKnownFileType = file.storyboard; name = Base; path = Base.lproj/LaunchScreen.storyboard; sourceTree = "<group>"; };
		846762D31C0C5CAE003C2444 /* Info.plist */ = {isa = PBXFileReference; lastKnownFileType = text.plist.xml; path = Info.plist; sourceTree = "<group>"; };
		846762D81C0C5CAF003C2444 /* UserHeaderTests.xctest */ = {isa = PBXFileReference; explicitFileType = wrapper.cfbundle; includeInIndex = 0; path = UserHeaderTests.xctest; sourceTree = BUILT_PRODUCTS_DIR; };
		846762DC1C0C5CAF003C2444 /* UserHeaderTests.m */ = {isa = PBXFileReference; lastKnownFileType = sourcecode.c.objc; path = UserHeaderTests.m; sourceTree = "<group>"; };
		846762DE1C0C5CAF003C2444 /* Info.plist */ = {isa = PBXFileReference; lastKnownFileType = text.plist.xml; path = Info.plist; sourceTree = "<group>"; };
		846762E31C0C5CAF003C2444 /* UserHeaderUITests.xctest */ = {isa = PBXFileReference; explicitFileType = wrapper.cfbundle; includeInIndex = 0; path = UserHeaderUITests.xctest; sourceTree = BUILT_PRODUCTS_DIR; };
		846762E71C0C5CAF003C2444 /* UserHeaderUITests.m */ = {isa = PBXFileReference; lastKnownFileType = sourcecode.c.objc; path = UserHeaderUITests.m; sourceTree = "<group>"; };
		846762E91C0C5CAF003C2444 /* Info.plist */ = {isa = PBXFileReference; lastKnownFileType = text.plist.xml; path = Info.plist; sourceTree = "<group>"; };
		846762F61C0C5D10003C2444 /* NSData+ImageContentType.h */ = {isa = PBXFileReference; fileEncoding = 4; lastKnownFileType = sourcecode.c.h; path = "NSData+ImageContentType.h"; sourceTree = "<group>"; };
		846762F71C0C5D10003C2444 /* NSData+ImageContentType.m */ = {isa = PBXFileReference; fileEncoding = 4; lastKnownFileType = sourcecode.c.objc; path = "NSData+ImageContentType.m"; sourceTree = "<group>"; };
		846762F81C0C5D10003C2444 /* SDImageCache.h */ = {isa = PBXFileReference; fileEncoding = 4; lastKnownFileType = sourcecode.c.h; path = SDImageCache.h; sourceTree = "<group>"; };
		846762F91C0C5D10003C2444 /* SDImageCache.m */ = {isa = PBXFileReference; fileEncoding = 4; lastKnownFileType = sourcecode.c.objc; path = SDImageCache.m; sourceTree = "<group>"; };
		846762FA1C0C5D10003C2444 /* SDWebImageCompat.h */ = {isa = PBXFileReference; fileEncoding = 4; lastKnownFileType = sourcecode.c.h; path = SDWebImageCompat.h; sourceTree = "<group>"; };
		846762FB1C0C5D10003C2444 /* SDWebImageCompat.m */ = {isa = PBXFileReference; fileEncoding = 4; lastKnownFileType = sourcecode.c.objc; path = SDWebImageCompat.m; sourceTree = "<group>"; };
		846762FC1C0C5D10003C2444 /* SDWebImageDecoder.h */ = {isa = PBXFileReference; fileEncoding = 4; lastKnownFileType = sourcecode.c.h; path = SDWebImageDecoder.h; sourceTree = "<group>"; };
		846762FD1C0C5D10003C2444 /* SDWebImageDecoder.m */ = {isa = PBXFileReference; fileEncoding = 4; lastKnownFileType = sourcecode.c.objc; path = SDWebImageDecoder.m; sourceTree = "<group>"; };
		846762FE1C0C5D10003C2444 /* SDWebImageDownloader.h */ = {isa = PBXFileReference; fileEncoding = 4; lastKnownFileType = sourcecode.c.h; path = SDWebImageDownloader.h; sourceTree = "<group>"; };
		846762FF1C0C5D10003C2444 /* SDWebImageDownloader.m */ = {isa = PBXFileReference; fileEncoding = 4; lastKnownFileType = sourcecode.c.objc; path = SDWebImageDownloader.m; sourceTree = "<group>"; };
		846763001C0C5D10003C2444 /* SDWebImageDownloaderOperation.h */ = {isa = PBXFileReference; fileEncoding = 4; lastKnownFileType = sourcecode.c.h; path = SDWebImageDownloaderOperation.h; sourceTree = "<group>"; };
		846763011C0C5D10003C2444 /* SDWebImageDownloaderOperation.m */ = {isa = PBXFileReference; fileEncoding = 4; lastKnownFileType = sourcecode.c.objc; path = SDWebImageDownloaderOperation.m; sourceTree = "<group>"; };
		846763021C0C5D10003C2444 /* SDWebImageManager.h */ = {isa = PBXFileReference; fileEncoding = 4; lastKnownFileType = sourcecode.c.h; path = SDWebImageManager.h; sourceTree = "<group>"; };
		846763031C0C5D10003C2444 /* SDWebImageManager.m */ = {isa = PBXFileReference; fileEncoding = 4; lastKnownFileType = sourcecode.c.objc; path = SDWebImageManager.m; sourceTree = "<group>"; };
		846763041C0C5D10003C2444 /* SDWebImageOperation.h */ = {isa = PBXFileReference; fileEncoding = 4; lastKnownFileType = sourcecode.c.h; path = SDWebImageOperation.h; sourceTree = "<group>"; };
		846763051C0C5D10003C2444 /* SDWebImagePrefetcher.h */ = {isa = PBXFileReference; fileEncoding = 4; lastKnownFileType = sourcecode.c.h; path = SDWebImagePrefetcher.h; sourceTree = "<group>"; };
		846763061C0C5D10003C2444 /* SDWebImagePrefetcher.m */ = {isa = PBXFileReference; fileEncoding = 4; lastKnownFileType = sourcecode.c.objc; path = SDWebImagePrefetcher.m; sourceTree = "<group>"; };
		846763071C0C5D10003C2444 /* UIButton+WebCache.h */ = {isa = PBXFileReference; fileEncoding = 4; lastKnownFileType = sourcecode.c.h; path = "UIButton+WebCache.h"; sourceTree = "<group>"; };
		846763081C0C5D10003C2444 /* UIButton+WebCache.m */ = {isa = PBXFileReference; fileEncoding = 4; lastKnownFileType = sourcecode.c.objc; path = "UIButton+WebCache.m"; sourceTree = "<group>"; };
		846763091C0C5D10003C2444 /* UIImage+GIF.h */ = {isa = PBXFileReference; fileEncoding = 4; lastKnownFileType = sourcecode.c.h; path = "UIImage+GIF.h"; sourceTree = "<group>"; };
		8467630A1C0C5D10003C2444 /* UIImage+GIF.m */ = {isa = PBXFileReference; fileEncoding = 4; lastKnownFileType = sourcecode.c.objc; path = "UIImage+GIF.m"; sourceTree = "<group>"; };
		8467630B1C0C5D10003C2444 /* UIImage+MultiFormat.h */ = {isa = PBXFileReference; fileEncoding = 4; lastKnownFileType = sourcecode.c.h; path = "UIImage+MultiFormat.h"; sourceTree = "<group>"; };
		8467630C1C0C5D10003C2444 /* UIImage+MultiFormat.m */ = {isa = PBXFileReference; fileEncoding = 4; lastKnownFileType = sourcecode.c.objc; path = "UIImage+MultiFormat.m"; sourceTree = "<group>"; };
		8467630D1C0C5D10003C2444 /* UIImageView+HighlightedWebCache.h */ = {isa = PBXFileReference; fileEncoding = 4; lastKnownFileType = sourcecode.c.h; path = "UIImageView+HighlightedWebCache.h"; sourceTree = "<group>"; };
		8467630E1C0C5D10003C2444 /* UIImageView+HighlightedWebCache.m */ = {isa = PBXFileReference; fileEncoding = 4; lastKnownFileType = sourcecode.c.objc; path = "UIImageView+HighlightedWebCache.m"; sourceTree = "<group>"; };
		8467630F1C0C5D10003C2444 /* UIImageView+WebCache.h */ = {isa = PBXFileReference; fileEncoding = 4; lastKnownFileType = sourcecode.c.h; path = "UIImageView+WebCache.h"; sourceTree = "<group>"; };
		846763101C0C5D10003C2444 /* UIImageView+WebCache.m */ = {isa = PBXFileReference; fileEncoding = 4; lastKnownFileType = sourcecode.c.objc; path = "UIImageView+WebCache.m"; sourceTree = "<group>"; };
		846763111C0C5D10003C2444 /* UIView+WebCacheOperation.h */ = {isa = PBXFileReference; fileEncoding = 4; lastKnownFileType = sourcecode.c.h; path = "UIView+WebCacheOperation.h"; sourceTree = "<group>"; };
		846763121C0C5D10003C2444 /* UIView+WebCacheOperation.m */ = {isa = PBXFileReference; fileEncoding = 4; lastKnownFileType = sourcecode.c.objc; path = "UIView+WebCacheOperation.m"; sourceTree = "<group>"; };
		846763221C0C5DF1003C2444 /* UserHeaderView.h */ = {isa = PBXFileReference; fileEncoding = 4; lastKnownFileType = sourcecode.c.h; path = UserHeaderView.h; sourceTree = "<group>"; };
		846763231C0C5DF1003C2444 /* UserHeaderView.m */ = {isa = PBXFileReference; fileEncoding = 4; lastKnownFileType = sourcecode.c.objc; path = UserHeaderView.m; sourceTree = "<group>"; };
		84BFB23D1C0D75E90028B049 /* Default-568h@2x.png */ = {isa = PBXFileReference; lastKnownFileType = image.png; path = "Default-568h@2x.png"; sourceTree = "<group>"; };
		84BFB23F1C0D7C440028B049 /* background1.png */ = {isa = PBXFileReference; lastKnownFileType = image.png; path = background1.png; sourceTree = "<group>"; };
		84BFB2411C0D800D0028B049 /* picture1.png */ = {isa = PBXFileReference; lastKnownFileType = image.png; path = picture1.png; sourceTree = "<group>"; };
/* End PBXFileReference section */

/* Begin PBXFrameworksBuildPhase section */
		846762BC1C0C5CAE003C2444 /* Frameworks */ = {
			isa = PBXFrameworksBuildPhase;
			buildActionMask = 2147483647;
			files = (
			);
			runOnlyForDeploymentPostprocessing = 0;
		};
		846762D51C0C5CAF003C2444 /* Frameworks */ = {
			isa = PBXFrameworksBuildPhase;
			buildActionMask = 2147483647;
			files = (
			);
			runOnlyForDeploymentPostprocessing = 0;
		};
		846762E01C0C5CAF003C2444 /* Frameworks */ = {
			isa = PBXFrameworksBuildPhase;
			buildActionMask = 2147483647;
			files = (
			);
			runOnlyForDeploymentPostprocessing = 0;
		};
/* End PBXFrameworksBuildPhase section */

/* Begin PBXGroup section */
		846762B61C0C5CAE003C2444 = {
			isa = PBXGroup;
			children = (
				846762C11C0C5CAE003C2444 /* Nav */,
				846762F51C0C5D10003C2444 /* SDWebImage */,
				846763211C0C5D74003C2444 /* UserHeader */,
				846762DB1C0C5CAF003C2444 /* UserHeaderTests */,
				846762E61C0C5CAF003C2444 /* UserHeaderUITests */,
				846762C01C0C5CAE003C2444 /* Products */,
			);
			sourceTree = "<group>";
		};
		846762C01C0C5CAE003C2444 /* Products */ = {
			isa = PBXGroup;
			children = (
				846762BF1C0C5CAE003C2444 /* UserHeader.app */,
				846762D81C0C5CAF003C2444 /* UserHeaderTests.xctest */,
				846762E31C0C5CAF003C2444 /* UserHeaderUITests.xctest */,
			);
			name = Products;
			sourceTree = "<group>";
		};
		846762C11C0C5CAE003C2444 /* Nav */ = {
			isa = PBXGroup;
			children = (
				84BFB2411C0D800D0028B049 /* picture1.png */,
				84BFB23F1C0D7C440028B049 /* background1.png */,
				84BFB23D1C0D75E90028B049 /* Default-568h@2x.png */,
				846762C51C0C5CAE003C2444 /* AppDelegate.h */,
				846762C61C0C5CAE003C2444 /* AppDelegate.m */,
				846762C81C0C5CAE003C2444 /* ViewController.h */,
				846762C91C0C5CAE003C2444 /* ViewController.m */,
				846762CB1C0C5CAE003C2444 /* Main.storyboard */,
				846762CE1C0C5CAE003C2444 /* Assets.xcassets */,
				846762D01C0C5CAE003C2444 /* LaunchScreen.storyboard */,
				846762D31C0C5CAE003C2444 /* Info.plist */,
				846762C21C0C5CAE003C2444 /* Supporting Files */,
			);
			name = Nav;
			path = UserHeader;
			sourceTree = "<group>";
		};
		846762C21C0C5CAE003C2444 /* Supporting Files */ = {
			isa = PBXGroup;
			children = (
				846762C31C0C5CAE003C2444 /* main.m */,
			);
			name = "Supporting Files";
			sourceTree = "<group>";
		};
		846762DB1C0C5CAF003C2444 /* UserHeaderTests */ = {
			isa = PBXGroup;
			children = (
				846762DC1C0C5CAF003C2444 /* UserHeaderTests.m */,
				846762DE1C0C5CAF003C2444 /* Info.plist */,
			);
			path = UserHeaderTests;
			sourceTree = "<group>";
		};
		846762E61C0C5CAF003C2444 /* UserHeaderUITests */ = {
			isa = PBXGroup;
			children = (
				846762E71C0C5CAF003C2444 /* UserHeaderUITests.m */,
				846762E91C0C5CAF003C2444 /* Info.plist */,
			);
			path = UserHeaderUITests;
			sourceTree = "<group>";
		};
		846762F51C0C5D10003C2444 /* SDWebImage */ = {
			isa = PBXGroup;
			children = (
				846762F61C0C5D10003C2444 /* NSData+ImageContentType.h */,
				846762F71C0C5D10003C2444 /* NSData+ImageContentType.m */,
				846762F81C0C5D10003C2444 /* SDImageCache.h */,
				846762F91C0C5D10003C2444 /* SDImageCache.m */,
				846762FA1C0C5D10003C2444 /* SDWebImageCompat.h */,
				846762FB1C0C5D10003C2444 /* SDWebImageCompat.m */,
				846762FC1C0C5D10003C2444 /* SDWebImageDecoder.h */,
				846762FD1C0C5D10003C2444 /* SDWebImageDecoder.m */,
				846762FE1C0C5D10003C2444 /* SDWebImageDownloader.h */,
				846762FF1C0C5D10003C2444 /* SDWebImageDownloader.m */,
				846763001C0C5D10003C2444 /* SDWebImageDownloaderOperation.h */,
				846763011C0C5D10003C2444 /* SDWebImageDownloaderOperation.m */,
				846763021C0C5D10003C2444 /* SDWebImageManager.h */,
				846763031C0C5D10003C2444 /* SDWebImageManager.m */,
				846763041C0C5D10003C2444 /* SDWebImageOperation.h */,
				846763051C0C5D10003C2444 /* SDWebImagePrefetcher.h */,
				846763061C0C5D10003C2444 /* SDWebImagePrefetcher.m */,
				846763071C0C5D10003C2444 /* UIButton+WebCache.h */,
				846763081C0C5D10003C2444 /* UIButton+WebCache.m */,
				846763091C0C5D10003C2444 /* UIImage+GIF.h */,
				8467630A1C0C5D10003C2444 /* UIImage+GIF.m */,
				8467630B1C0C5D10003C2444 /* UIImage+MultiFormat.h */,
				8467630C1C0C5D10003C2444 /* UIImage+MultiFormat.m */,
				8467630D1C0C5D10003C2444 /* UIImageView+HighlightedWebCache.h */,
				8467630E1C0C5D10003C2444 /* UIImageView+HighlightedWebCache.m */,
				8467630F1C0C5D10003C2444 /* UIImageView+WebCache.h */,
				846763101C0C5D10003C2444 /* UIImageView+WebCache.m */,
				846763111C0C5D10003C2444 /* UIView+WebCacheOperation.h */,
				846763121C0C5D10003C2444 /* UIView+WebCacheOperation.m */,
			);
			path = SDWebImage;
			sourceTree = "<group>";
		};
		846763211C0C5D74003C2444 /* UserHeader */ = {
			isa = PBXGroup;
			children = (
				846763221C0C5DF1003C2444 /* UserHeaderView.h */,
				846763231C0C5DF1003C2444 /* UserHeaderView.m */,
			);
			name = UserHeader;
			sourceTree = "<group>";
		};
/* End PBXGroup section */

/* Begin PBXNativeTarget section */
		846762BE1C0C5CAE003C2444 /* UserHeader */ = {
			isa = PBXNativeTarget;
			buildConfigurationList = 846762EC1C0C5CAF003C2444 /* Build configuration list for PBXNativeTarget "UserHeader" */;
			buildPhases = (
				846762BB1C0C5CAE003C2444 /* Sources */,
				846762BC1C0C5CAE003C2444 /* Frameworks */,
				846762BD1C0C5CAE003C2444 /* Resources */,
			);
			buildRules = (
			);
			dependencies = (
			);
			name = UserHeader;
			productName = UserHeader;
			productReference = 846762BF1C0C5CAE003C2444 /* UserHeader.app */;
			productType = "com.apple.product-type.application";
		};
		846762D71C0C5CAF003C2444 /* UserHeaderTests */ = {
			isa = PBXNativeTarget;
			buildConfigurationList = 846762EF1C0C5CAF003C2444 /* Build configuration list for PBXNativeTarget "UserHeaderTests" */;
			buildPhases = (
				846762D41C0C5CAF003C2444 /* Sources */,
				846762D51C0C5CAF003C2444 /* Frameworks */,
				846762D61C0C5CAF003C2444 /* Resources */,
			);
			buildRules = (
			);
			dependencies = (
				846762DA1C0C5CAF003C2444 /* PBXTargetDependency */,
			);
			name = UserHeaderTests;
			productName = UserHeaderTests;
			productReference = 846762D81C0C5CAF003C2444 /* UserHeaderTests.xctest */;
			productType = "com.apple.product-type.bundle.unit-test";
		};
		846762E21C0C5CAF003C2444 /* UserHeaderUITests */ = {
			isa = PBXNativeTarget;
			buildConfigurationList = 846762F21C0C5CAF003C2444 /* Build configuration list for PBXNativeTarget "UserHeaderUITests" */;
			buildPhases = (
				846762DF1C0C5CAF003C2444 /* Sources */,
				846762E01C0C5CAF003C2444 /* Frameworks */,
				846762E11C0C5CAF003C2444 /* Resources */,
			);
			buildRules = (
			);
			dependencies = (
				846762E51C0C5CAF003C2444 /* PBXTargetDependency */,
			);
			name = UserHeaderUITests;
			productName = UserHeaderUITests;
			productReference = 846762E31C0C5CAF003C2444 /* UserHeaderUITests.xctest */;
			productType = "com.apple.product-type.bundle.ui-testing";
		};
/* End PBXNativeTarget section */

/* Begin PBXProject section */
		846762B71C0C5CAE003C2444 /* Project object */ = {
			isa = PBXProject;
			attributes = {
				LastUpgradeCheck = 0700;
				ORGANIZATIONNAME = CXK;
				TargetAttributes = {
					846762BE1C0C5CAE003C2444 = {
						CreatedOnToolsVersion = 7.0;
					};
					846762D71C0C5CAF003C2444 = {
						CreatedOnToolsVersion = 7.0;
						TestTargetID = 846762BE1C0C5CAE003C2444;
					};
					846762E21C0C5CAF003C2444 = {
						CreatedOnToolsVersion = 7.0;
						TestTargetID = 846762BE1C0C5CAE003C2444;
					};
				};
			};
			buildConfigurationList = 846762BA1C0C5CAE003C2444 /* Build configuration list for PBXProject "UserHeader" */;
			compatibilityVersion = "Xcode 3.2";
			developmentRegion = English;
			hasScannedForEncodings = 0;
			knownRegions = (
				en,
				Base,
			);
			mainGroup = 846762B61C0C5CAE003C2444;
			productRefGroup = 846762C01C0C5CAE003C2444 /* Products */;
			projectDirPath = "";
			projectRoot = "";
			targets = (
				846762BE1C0C5CAE003C2444 /* UserHeader */,
				846762D71C0C5CAF003C2444 /* UserHeaderTests */,
				846762E21C0C5CAF003C2444 /* UserHeaderUITests */,
			);
		};
/* End PBXProject section */

/* Begin PBXResourcesBuildPhase section */
		846762BD1C0C5CAE003C2444 /* Resources */ = {
			isa = PBXResourcesBuildPhase;
			buildActionMask = 2147483647;
			files = (
				846762D21C0C5CAE003C2444 /* LaunchScreen.storyboard in Resources */,
				84BFB23E1C0D75E90028B049 /* Default-568h@2x.png in Resources */,
				846762CF1C0C5CAE003C2444 /* Assets.xcassets in Resources */,
				84BFB2401C0D7C440028B049 /* background1.png in Resources */,
				84BFB2421C0D800D0028B049 /* picture1.png in Resources */,
				846762CD1C0C5CAE003C2444 /* Main.storyboard in Resources */,
			);
			runOnlyForDeploymentPostprocessing = 0;
		};
		846762D61C0C5CAF003C2444 /* Resources */ = {
			isa = PBXResourcesBuildPhase;
			buildActionMask = 2147483647;
			files = (
			);
			runOnlyForDeploymentPostprocessing = 0;
		};
		846762E11C0C5CAF003C2444 /* Resources */ = {
			isa = PBXResourcesBuildPhase;
			buildActionMask = 2147483647;
			files = (
			);
			runOnlyForDeploymentPostprocessing = 0;
		};
/* End PBXResourcesBuildPhase section */

/* Begin PBXSourcesBuildPhase section */
		846762BB1C0C5CAE003C2444 /* Sources */ = {
			isa = PBXSourcesBuildPhase;
			buildActionMask = 2147483647;
			files = (
				846763201C0C5D10003C2444 /* UIView+WebCacheOperation.m in Sources */,
				8467631C1C0C5D10003C2444 /* UIImage+GIF.m in Sources */,
				846763241C0C5DF1003C2444 /* UserHeaderView.m in Sources */,
				846763171C0C5D10003C2444 /* SDWebImageDownloader.m in Sources */,
				8467631B1C0C5D10003C2444 /* UIButton+WebCache.m in Sources */,
				8467631E1C0C5D10003C2444 /* UIImageView+HighlightedWebCache.m in Sources */,
				846763161C0C5D10003C2444 /* SDWebImageDecoder.m in Sources */,
				846762CA1C0C5CAE003C2444 /* ViewController.m in Sources */,
				846763151C0C5D10003C2444 /* SDWebImageCompat.m in Sources */,
				846762C71C0C5CAE003C2444 /* AppDelegate.m in Sources */,
				846763131C0C5D10003C2444 /* NSData+ImageContentType.m in Sources */,
				846763181C0C5D10003C2444 /* SDWebImageDownloaderOperation.m in Sources */,
				8467631F1C0C5D10003C2444 /* UIImageView+WebCache.m in Sources */,
				846763191C0C5D10003C2444 /* SDWebImageManager.m in Sources */,
				8467631D1C0C5D10003C2444 /* UIImage+MultiFormat.m in Sources */,
				8467631A1C0C5D10003C2444 /* SDWebImagePrefetcher.m in Sources */,
				846762C41C0C5CAE003C2444 /* main.m in Sources */,
				846763141C0C5D10003C2444 /* SDImageCache.m in Sources */,
			);
			runOnlyForDeploymentPostprocessing = 0;
		};
		846762D41C0C5CAF003C2444 /* Sources */ = {
			isa = PBXSourcesBuildPhase;
			buildActionMask = 2147483647;
			files = (
				846762DD1C0C5CAF003C2444 /* UserHeaderTests.m in Sources */,
			);
			runOnlyForDeploymentPostprocessing = 0;
		};
		846762DF1C0C5CAF003C2444 /* Sources */ = {
			isa = PBXSourcesBuildPhase;
			buildActionMask = 2147483647;
			files = (
				846762E81C0C5CAF003C2444 /* UserHeaderUITests.m in Sources */,
			);
			runOnlyForDeploymentPostprocessing = 0;
		};
/* End PBXSourcesBuildPhase section */

/* Begin PBXTargetDependency section */
		846762DA1C0C5CAF003C2444 /* PBXTargetDependency */ = {
			isa = PBXTargetDependency;
			target = 846762BE1C0C5CAE003C2444 /* UserHeader */;
			targetProxy = 846762D91C0C5CAF003C2444 /* PBXContainerItemProxy */;
		};
		846762E51C0C5CAF003C2444 /* PBXTargetDependency */ = {
			isa = PBXTargetDependency;
			target = 846762BE1C0C5CAE003C2444 /* UserHeader */;
			targetProxy = 846762E41C0C5CAF003C2444 /* PBXContainerItemProxy */;
		};
/* End PBXTargetDependency section */

/* Begin PBXVariantGroup section */
		846762CB1C0C5CAE003C2444 /* Main.storyboard */ = {
			isa = PBXVariantGroup;
			children = (
				846762CC1C0C5CAE003C2444 /* Base */,
			);
			name = Main.storyboard;
			sourceTree = "<group>";
		};
		846762D01C0C5CAE003C2444 /* LaunchScreen.storyboard */ = {
			isa = PBXVariantGroup;
			children = (
				846762D11C0C5CAE003C2444 /* Base */,
			);
			name = LaunchScreen.storyboard;
			sourceTree = "<group>";
		};
/* End PBXVariantGroup section */

/* Begin XCBuildConfiguration section */
		846762EA1C0C5CAF003C2444 /* Debug */ = {
			isa = XCBuildConfiguration;
			buildSettings = {
				ALWAYS_SEARCH_USER_PATHS = NO;
				CLANG_CXX_LANGUAGE_STANDARD = "gnu++0x";
				CLANG_CXX_LIBRARY = "libc++";
				CLANG_ENABLE_MODULES = YES;
				CLANG_ENABLE_OBJC_ARC = YES;
				CLANG_WARN_BOOL_CONVERSION = YES;
				CLANG_WARN_CONSTANT_CONVERSION = YES;
				CLANG_WARN_DIRECT_OBJC_ISA_USAGE = YES_ERROR;
				CLANG_WARN_EMPTY_BODY = YES;
				CLANG_WARN_ENUM_CONVERSION = YES;
				CLANG_WARN_INT_CONVERSION = YES;
				CLANG_WARN_OBJC_ROOT_CLASS = YES_ERROR;
				CLANG_WARN_UNREACHABLE_CODE = YES;
				CLANG_WARN__DUPLICATE_METHOD_MATCH = YES;
				"CODE_SIGN_IDENTITY[sdk=iphoneos*]" = "iPhone Developer";
				COPY_PHASE_STRIP = NO;
				DEBUG_INFORMATION_FORMAT = dwarf;
				ENABLE_STRICT_OBJC_MSGSEND = YES;
				ENABLE_TESTABILITY = YES;
				GCC_C_LANGUAGE_STANDARD = gnu99;
				GCC_DYNAMIC_NO_PIC = NO;
				GCC_NO_COMMON_BLOCKS = YES;
				GCC_OPTIMIZATION_LEVEL = 0;
				GCC_PREPROCESSOR_DEFINITIONS = (
					"DEBUG=1",
					"$(inherited)",
				);
				GCC_WARN_64_TO_32_BIT_CONVERSION = YES;
				GCC_WARN_ABOUT_RETURN_TYPE = YES_ERROR;
				GCC_WARN_UNDECLARED_SELECTOR = YES;
				GCC_WARN_UNINITIALIZED_AUTOS = YES_AGGRESSIVE;
				GCC_WARN_UNUSED_FUNCTION = YES;
				GCC_WARN_UNUSED_VARIABLE = YES;
				IPHONEOS_DEPLOYMENT_TARGET = 9.0;
				MTL_ENABLE_DEBUG_INFO = YES;
				ONLY_ACTIVE_ARCH = YES;
				SDKROOT = iphoneos;
			};
			name = Debug;
		};
		846762EB1C0C5CAF003C2444 /* Release */ = {
			isa = XCBuildConfiguration;
			buildSettings = {
				ALWAYS_SEARCH_USER_PATHS = NO;
				CLANG_CXX_LANGUAGE_STANDARD = "gnu++0x";
				CLANG_CXX_LIBRARY = "libc++";
				CLANG_ENABLE_MODULES = YES;
				CLANG_ENABLE_OBJC_ARC = YES;
				CLANG_WARN_BOOL_CONVERSION = YES;
				CLANG_WARN_CONSTANT_CONVERSION = YES;
				CLANG_WARN_DIRECT_OBJC_ISA_USAGE = YES_ERROR;
				CLANG_WARN_EMPTY_BODY = YES;
				CLANG_WARN_ENUM_CONVERSION = YES;
				CLANG_WARN_INT_CONVERSION = YES;
				CLANG_WARN_OBJC_ROOT_CLASS = YES_ERROR;
				CLANG_WARN_UNREACHABLE_CODE = YES;
				CLANG_WARN__DUPLICATE_METHOD_MATCH = YES;
				"CODE_SIGN_IDENTITY[sdk=iphoneos*]" = "iPhone Developer";
				COPY_PHASE_STRIP = NO;
				DEBUG_INFORMATION_FORMAT = "dwarf-with-dsym";
				ENABLE_NS_ASSERTIONS = NO;
				ENABLE_STRICT_OBJC_MSGSEND = YES;
				GCC_C_LANGUAGE_STANDARD = gnu99;
				GCC_NO_COMMON_BLOCKS = YES;
				GCC_WARN_64_TO_32_BIT_CONVERSION = YES;
				GCC_WARN_ABOUT_RETURN_TYPE = YES_ERROR;
				GCC_WARN_UNDECLARED_SELECTOR = YES;
				GCC_WARN_UNINITIALIZED_AUTOS = YES_AGGRESSIVE;
				GCC_WARN_UNUSED_FUNCTION = YES;
				GCC_WARN_UNUSED_VARIABLE = YES;
				IPHONEOS_DEPLOYMENT_TARGET = 9.0;
				MTL_ENABLE_DEBUG_INFO = NO;
				SDKROOT = iphoneos;
				VALIDATE_PRODUCT = YES;
			};
			name = Release;
		};
		846762ED1C0C5CAF003C2444 /* Debug */ = {
			isa = XCBuildConfiguration;
			buildSettings = {
				ASSETCATALOG_COMPILER_APPICON_NAME = AppIcon;
				INFOPLIST_FILE = UserHeader/Info.plist;
				LD_RUNPATH_SEARCH_PATHS = "$(inherited) @executable_path/Frameworks";
				PRODUCT_BUNDLE_IDENTIFIER = com.cxk.UserHeader;
				PRODUCT_NAME = "$(TARGET_NAME)";
			};
			name = Debug;
		};
		846762EE1C0C5CAF003C2444 /* Release */ = {
			isa = XCBuildConfiguration;
			buildSettings = {
				ASSETCATALOG_COMPILER_APPICON_NAME = AppIcon;
				INFOPLIST_FILE = UserHeader/Info.plist;
				LD_RUNPATH_SEARCH_PATHS = "$(inherited) @executable_path/Frameworks";
				PRODUCT_BUNDLE_IDENTIFIER = com.cxk.UserHeader;
				PRODUCT_NAME = "$(TARGET_NAME)";
			};
			name = Release;
		};
		846762F01C0C5CAF003C2444 /* Debug */ = {
			isa = XCBuildConfiguration;
			buildSettings = {
				BUNDLE_LOADER = "$(TEST_HOST)";
				INFOPLIST_FILE = UserHeaderTests/Info.plist;
				LD_RUNPATH_SEARCH_PATHS = "$(inherited) @executable_path/Frameworks @loader_path/Frameworks";
				PRODUCT_BUNDLE_IDENTIFIER = com.cxk.UserHeaderTests;
				PRODUCT_NAME = "$(TARGET_NAME)";
				TEST_HOST = "$(BUILT_PRODUCTS_DIR)/UserHeader.app/UserHeader";
			};
			name = Debug;
		};
		846762F11C0C5CAF003C2444 /* Release */ = {
			isa = XCBuildConfiguration;
			buildSettings = {
				BUNDLE_LOADER = "$(TEST_HOST)";
				INFOPLIST_FILE = UserHeaderTests/Info.plist;
				LD_RUNPATH_SEARCH_PATHS = "$(inherited) @executable_path/Frameworks @loader_path/Frameworks";
				PRODUCT_BUNDLE_IDENTIFIER = com.cxk.UserHeaderTests;
				PRODUCT_NAME = "$(TARGET_NAME)";
				TEST_HOST = "$(BUILT_PRODUCTS_DIR)/UserHeader.app/UserHeader";
			};
			name = Release;
		};
		846762F31C0C5CAF003C2444 /* Debug */ = {
			isa = XCBuildConfiguration;
			buildSettings = {
				INFOPLIST_FILE = UserHeaderUITests/Info.plist;
				LD_RUNPATH_SEARCH_PATHS = "$(inherited) @executable_path/Frameworks @loader_path/Frameworks";
				PRODUCT_BUNDLE_IDENTIFIER = com.cxk.UserHeaderUITests;
				PRODUCT_NAME = "$(TARGET_NAME)";
				TEST_TARGET_NAME = UserHeader;
				USES_XCTRUNNER = YES;
			};
			name = Debug;
		};
		846762F41C0C5CAF003C2444 /* Release */ = {
			isa = XCBuildConfiguration;
			buildSettings = {
				INFOPLIST_FILE = UserHeaderUITests/Info.plist;
				LD_RUNPATH_SEARCH_PATHS = "$(inherited) @executable_path/Frameworks @loader_path/Frameworks";
				PRODUCT_BUNDLE_IDENTIFIER = com.cxk.UserHeaderUITests;
				PRODUCT_NAME = "$(TARGET_NAME)";
				TEST_TARGET_NAME = UserHeader;
				USES_XCTRUNNER = YES;
			};
			name = Release;
		};
/* End XCBuildConfiguration section */

/* Begin XCConfigurationList section */
		846762BA1C0C5CAE003C2444 /* Build configuration list for PBXProject "UserHeader" */ = {
			isa = XCConfigurationList;
			buildConfigurations = (
				846762EA1C0C5CAF003C2444 /* Debug */,
				846762EB1C0C5CAF003C2444 /* Release */,
			);
			defaultConfigurationIsVisible = 0;
			defaultConfigurationName = Release;
		};
		846762EC1C0C5CAF003C2444 /* Build configuration list for PBXNativeTarget "UserHeader" */ = {
			isa = XCConfigurationList;
			buildConfigurations = (
				846762ED1C0C5CAF003C2444 /* Debug */,
				846762EE1C0C5CAF003C2444 /* Release */,
			);
			defaultConfigurationIsVisible = 0;
			defaultConfigurationName = Release;
		};
		846762EF1C0C5CAF003C2444 /* Build configuration list for PBXNativeTarget "UserHeaderTests" */ = {
			isa = XCConfigurationList;
			buildConfigurations = (
				846762F01C0C5CAF003C2444 /* Debug */,
				846762F11C0C5CAF003C2444 /* Release */,
			);
			defaultConfigurationIsVisible = 0;
			defaultConfigurationName = Release;
		};
		846762F21C0C5CAF003C2444 /* Build configuration list for PBXNativeTarget "UserHeaderUITests" */ = {
			isa = XCConfigurationList;
			buildConfigurations = (
				846762F31C0C5CAF003C2444 /* Debug */,
				846762F41C0C5CAF003C2444 /* Release */,
			);
			defaultConfigurationIsVisible = 0;
			defaultConfigurationName = Release;
		};
/* End XCConfigurationList section */
	};
	rootObject = 846762B71C0C5CAE003C2444 /* Project object */;
}
